// !$*UTF8*$!
{
	archiveVersion = 1;
	classes = {
	};
	objectVersion = 50;
	objects = {

/* Begin PBXBuildFile section */
		2626720323B7D8C2004A6618 /* AppDelegate.swift in Sources */ = {isa = PBXBuildFile; fileRef = 2626720223B7D8C2004A6618 /* AppDelegate.swift */; };
		2626720523B7D8C2004A6618 /* SceneDelegate.swift in Sources */ = {isa = PBXBuildFile; fileRef = 2626720423B7D8C2004A6618 /* SceneDelegate.swift */; };
		2626720C23B7D8C6004A6618 /* Assets.xcassets in Resources */ = {isa = PBXBuildFile; fileRef = 2626720B23B7D8C6004A6618 /* Assets.xcassets */; };
		2626720F23B7D8C6004A6618 /* LaunchScreen.storyboard in Resources */ = {isa = PBXBuildFile; fileRef = 2626720D23B7D8C6004A6618 /* LaunchScreen.storyboard */; };
		2626721A23B7D90F004A6618 /* FDABluetoothManager.swift in Sources */ = {isa = PBXBuildFile; fileRef = 2626721823B7D90F004A6618 /* FDABluetoothManager.swift */; };
		2626721D23B7D91F004A6618 /* ViewController.xib in Resources */ = {isa = PBXBuildFile; fileRef = 2626721B23B7D91F004A6618 /* ViewController.xib */; };
		2626721E23B7D91F004A6618 /* ViewController.swift in Sources */ = {isa = PBXBuildFile; fileRef = 2626721C23B7D91F004A6618 /* ViewController.swift */; };
		2626722123B7DA6D004A6618 /* BTMCompletionModel.swift in Sources */ = {isa = PBXBuildFile; fileRef = 2626721F23B7DA6D004A6618 /* BTMCompletionModel.swift */; };
		2626722223B7DA6D004A6618 /* BTResponse.swift in Sources */ = {isa = PBXBuildFile; fileRef = 2626722023B7DA6D004A6618 /* BTResponse.swift */; };
		2626722723B7DB02004A6618 /* Constants.swift in Sources */ = {isa = PBXBuildFile; fileRef = 2626722623B7DB02004A6618 /* Constants.swift */; };
		2626722A23B7E57B004A6618 /* BTError.swift in Sources */ = {isa = PBXBuildFile; fileRef = 2626722923B7E57B004A6618 /* BTError.swift */; };
/* End PBXBuildFile section */

/* Begin PBXFileReference section */
		262671FF23B7D8C2004A6618 /* FDABluetoothManagerExample.app */ = {isa = PBXFileReference; explicitFileType = wrapper.application; includeInIndex = 0; path = FDABluetoothManagerExample.app; sourceTree = BUILT_PRODUCTS_DIR; };
		2626720223B7D8C2004A6618 /* AppDelegate.swift */ = {isa = PBXFileReference; lastKnownFileType = sourcecode.swift; path = AppDelegate.swift; sourceTree = "<group>"; };
		2626720423B7D8C2004A6618 /* SceneDelegate.swift */ = {isa = PBXFileReference; lastKnownFileType = sourcecode.swift; path = SceneDelegate.swift; sourceTree = "<group>"; };
		2626720B23B7D8C6004A6618 /* Assets.xcassets */ = {isa = PBXFileReference; lastKnownFileType = folder.assetcatalog; path = Assets.xcassets; sourceTree = "<group>"; };
		2626720E23B7D8C6004A6618 /* Base */ = {isa = PBXFileReference; lastKnownFileType = file.storyboard; name = Base; path = Base.lproj/LaunchScreen.storyboard; sourceTree = "<group>"; };
		2626721023B7D8C6004A6618 /* Info.plist */ = {isa = PBXFileReference; lastKnownFileType = text.plist.xml; path = Info.plist; sourceTree = "<group>"; };
		2626721823B7D90F004A6618 /* FDABluetoothManager.swift */ = {isa = PBXFileReference; fileEncoding = 4; lastKnownFileType = sourcecode.swift; path = FDABluetoothManager.swift; sourceTree = "<group>"; };
		2626721B23B7D91F004A6618 /* ViewController.xib */ = {isa = PBXFileReference; lastKnownFileType = file.xib; path = ViewController.xib; sourceTree = "<group>"; };
		2626721C23B7D91F004A6618 /* ViewController.swift */ = {isa = PBXFileReference; lastKnownFileType = sourcecode.swift; path = ViewController.swift; sourceTree = "<group>"; };
		2626721F23B7DA6D004A6618 /* BTMCompletionModel.swift */ = {isa = PBXFileReference; lastKnownFileType = sourcecode.swift; path = BTMCompletionModel.swift; sourceTree = "<group>"; };
		2626722023B7DA6D004A6618 /* BTResponse.swift */ = {isa = PBXFileReference; lastKnownFileType = sourcecode.swift; path = BTResponse.swift; sourceTree = "<group>"; };
		2626722623B7DB02004A6618 /* Constants.swift */ = {isa = PBXFileReference; lastKnownFileType = sourcecode.swift; path = Constants.swift; sourceTree = "<group>"; };
		2626722923B7E57B004A6618 /* BTError.swift */ = {isa = PBXFileReference; lastKnownFileType = sourcecode.swift; path = BTError.swift; sourceTree = "<group>"; };
/* End PBXFileReference section */

/* Begin PBXFrameworksBuildPhase section */
		262671FC23B7D8C2004A6618 /* Frameworks */ = {
			isa = PBXFrameworksBuildPhase;
			buildActionMask = 2147483647;
			files = (
			);
			runOnlyForDeploymentPostprocessing = 0;
		};
/* End PBXFrameworksBuildPhase section */

/* Begin PBXGroup section */
		262671F623B7D8C2004A6618 = {
			isa = PBXGroup;
			children = (
				2626720123B7D8C2004A6618 /* FDABluetoothManagerExample */,
				2626720023B7D8C2004A6618 /* Products */,
			);
			sourceTree = "<group>";
		};
		2626720023B7D8C2004A6618 /* Products */ = {
			isa = PBXGroup;
			children = (
				262671FF23B7D8C2004A6618 /* FDABluetoothManagerExample.app */,
			);
			name = Products;
			sourceTree = "<group>";
		};
		2626720123B7D8C2004A6618 /* FDABluetoothManagerExample */ = {
			isa = PBXGroup;
			children = (
				2626720223B7D8C2004A6618 /* AppDelegate.swift */,
				2626720423B7D8C2004A6618 /* SceneDelegate.swift */,
				2626722623B7DB02004A6618 /* Constants.swift */,
				2626721623B7D8F7004A6618 /* Bluetooth */,
				2626721B23B7D91F004A6618 /* ViewController.xib */,
				2626721C23B7D91F004A6618 /* ViewController.swift */,
				2626720B23B7D8C6004A6618 /* Assets.xcassets */,
				2626720D23B7D8C6004A6618 /* LaunchScreen.storyboard */,
				2626721023B7D8C6004A6618 /* Info.plist */,
			);
			path = FDABluetoothManagerExample;
			sourceTree = "<group>";
		};
		2626721623B7D8F7004A6618 /* Bluetooth */ = {
			isa = PBXGroup;
			children = (
				2626722823B7E56A004A6618 /* Bluetooth Error */,
				2626722323B7DA75004A6618 /* Bluetooth Response */,
				2626721823B7D90F004A6618 /* FDABluetoothManager.swift */,
			);
			path = Bluetooth;
			sourceTree = "<group>";
		};
		2626722323B7DA75004A6618 /* Bluetooth Response */ = {
			isa = PBXGroup;
			children = (
				2626721F23B7DA6D004A6618 /* BTMCompletionModel.swift */,
				2626722023B7DA6D004A6618 /* BTResponse.swift */,
			);
			path = "Bluetooth Response";
			sourceTree = "<group>";
		};
		2626722823B7E56A004A6618 /* Bluetooth Error */ = {
			isa = PBXGroup;
			children = (
				2626722923B7E57B004A6618 /* BTError.swift */,
			);
			path = "Bluetooth Error";
			sourceTree = "<group>";
		};
/* End PBXGroup section */

/* Begin PBXNativeTarget section */
		262671FE23B7D8C2004A6618 /* FDABluetoothManagerExample */ = {
			isa = PBXNativeTarget;
			buildConfigurationList = 2626721323B7D8C6004A6618 /* Build configuration list for PBXNativeTarget "FDABluetoothManagerExample" */;
			buildPhases = (
				262671FB23B7D8C2004A6618 /* Sources */,
				262671FC23B7D8C2004A6618 /* Frameworks */,
				262671FD23B7D8C2004A6618 /* Resources */,
			);
			buildRules = (
			);
			dependencies = (
			);
			name = FDABluetoothManagerExample;
			productName = FDABluetoothManagerExample;
			productReference = 262671FF23B7D8C2004A6618 /* FDABluetoothManagerExample.app */;
			productType = "com.apple.product-type.application";
		};
/* End PBXNativeTarget section */

/* Begin PBXProject section */
		262671F723B7D8C2004A6618 /* Project object */ = {
			isa = PBXProject;
			attributes = {
				LastSwiftUpdateCheck = 1130;
				LastUpgradeCheck = 1130;
				ORGANIZATIONNAME = "Sergio Fresneda";
				TargetAttributes = {
					262671FE23B7D8C2004A6618 = {
						CreatedOnToolsVersion = 11.3;
					};
				};
			};
			buildConfigurationList = 262671FA23B7D8C2004A6618 /* Build configuration list for PBXProject "FDABluetoothManagerExample" */;
			compatibilityVersion = "Xcode 9.3";
			developmentRegion = en;
			hasScannedForEncodings = 0;
			knownRegions = (
				en,
				Base,
			);
			mainGroup = 262671F623B7D8C2004A6618;
			productRefGroup = 2626720023B7D8C2004A6618 /* Products */;
			projectDirPath = "";
			projectRoot = "";
			targets = (
				262671FE23B7D8C2004A6618 /* FDABluetoothManagerExample */,
			);
		};
/* End PBXProject section */

/* Begin PBXResourcesBuildPhase section */
		262671FD23B7D8C2004A6618 /* Resources */ = {
			isa = PBXResourcesBuildPhase;
			buildActionMask = 2147483647;
			files = (
				2626720F23B7D8C6004A6618 /* LaunchScreen.storyboard in Resources */,
				2626720C23B7D8C6004A6618 /* Assets.xcassets in Resources */,
				2626721D23B7D91F004A6618 /* ViewController.xib in Resources */,
			);
			runOnlyForDeploymentPostprocessing = 0;
		};
/* End PBXResourcesBuildPhase section */

/* Begin PBXSourcesBuildPhase section */
		262671FB23B7D8C2004A6618 /* Sources */ = {
			isa = PBXSourcesBuildPhase;
			buildActionMask = 2147483647;
			files = (
				2626720323B7D8C2004A6618 /* AppDelegate.swift in Sources */,
				2626720523B7D8C2004A6618 /* SceneDelegate.swift in Sources */,
				2626721E23B7D91F004A6618 /* ViewController.swift in Sources */,
				2626721A23B7D90F004A6618 /* FDABluetoothManager.swift in Sources */,
				2626722723B7DB02004A6618 /* Constants.swift in Sources */,
				2626722223B7DA6D004A6618 /* BTResponse.swift in Sources */,
				2626722123B7DA6D004A6618 /* BTMCompletionModel.swift in Sources */,
				2626722A23B7E57B004A6618 /* BTError.swift in Sources */,
			);
			runOnlyForDeploymentPostprocessing = 0;
		};
/* End PBXSourcesBuildPhase section */

/* Begin PBXVariantGroup section */
		2626720D23B7D8C6004A6618 /* LaunchScreen.storyboard */ = {
			isa = PBXVariantGroup;
			children = (
				2626720E23B7D8C6004A6618 /* Base */,
			);
			name = LaunchScreen.storyboard;
			sourceTree = "<group>";
		};
/* End PBXVariantGroup section */

/* Begin XCBuildConfiguration section */
		2626721123B7D8C6004A6618 /* Debug */ = {
			isa = XCBuildConfiguration;
			buildSettings = {
				ALWAYS_SEARCH_USER_PATHS = NO;
				CLANG_ANALYZER_NONNULL = YES;
				CLANG_ANALYZER_NUMBER_OBJECT_CONVERSION = YES_AGGRESSIVE;
				CLANG_CXX_LANGUAGE_STANDARD = "gnu++14";
				CLANG_CXX_LIBRARY = "libc++";
				CLANG_ENABLE_MODULES = YES;
				CLANG_ENABLE_OBJC_ARC = YES;
				CLANG_ENABLE_OBJC_WEAK = YES;
				CLANG_WARN_BLOCK_CAPTURE_AUTORELEASING = YES;
				CLANG_WARN_BOOL_CONVERSION = YES;
				CLANG_WARN_COMMA = YES;
				CLANG_WARN_CONSTANT_CONVERSION = YES;
				CLANG_WARN_DEPRECATED_OBJC_IMPLEMENTATIONS = YES;
				CLANG_WARN_DIRECT_OBJC_ISA_USAGE = YES_ERROR;
				CLANG_WARN_DOCUMENTATION_COMMENTS = YES;
				CLANG_WARN_EMPTY_BODY = YES;
				CLANG_WARN_ENUM_CONVERSION = YES;
				CLANG_WARN_INFINITE_RECURSION = YES;
				CLANG_WARN_INT_CONVERSION = YES;
				CLANG_WARN_NON_LITERAL_NULL_CONVERSION = YES;
				CLANG_WARN_OBJC_IMPLICIT_RETAIN_SELF = YES;
				CLANG_WARN_OBJC_LITERAL_CONVERSION = YES;
				CLANG_WARN_OBJC_ROOT_CLASS = YES_ERROR;
				CLANG_WARN_RANGE_LOOP_ANALYSIS = YES;
				CLANG_WARN_STRICT_PROTOTYPES = YES;
				CLANG_WARN_SUSPICIOUS_MOVE = YES;
				CLANG_WARN_UNGUARDED_AVAILABILITY = YES_AGGRESSIVE;
				CLANG_WARN_UNREACHABLE_CODE = YES;
				CLANG_WARN__DUPLICATE_METHOD_MATCH = YES;
				COPY_PHASE_STRIP = NO;
				DEBUG_INFORMATION_FORMAT = dwarf;
				ENABLE_STRICT_OBJC_MSGSEND = YES;
				ENABLE_TESTABILITY = YES;
				GCC_C_LANGUAGE_STANDARD = gnu11;
				GCC_DYNAMIC_NO_PIC = NO;
				GCC_NO_COMMON_BLOCKS = YES;
				GCC_OPTIMIZATION_LEVEL = 0;
				GCC_PREPROCESSOR_DEFINITIONS = (
					"DEBUG=1",
					"$(inherited)",
				);
				GCC_WARN_64_TO_32_BIT_CONVERSION = YES;
				GCC_WARN_ABOUT_RETURN_TYPE = YES_ERROR;
				GCC_WARN_UNDECLARED_SELECTOR = YES;
				GCC_WARN_UNINITIALIZED_AUTOS = YES_AGGRESSIVE;
				GCC_WARN_UNUSED_FUNCTION = YES;
				GCC_WARN_UNUSED_VARIABLE = YES;
				IPHONEOS_DEPLOYMENT_TARGET = 13.2;
				MTL_ENABLE_DEBUG_INFO = INCLUDE_SOURCE;
				MTL_FAST_MATH = YES;
				ONLY_ACTIVE_ARCH = YES;
				SDKROOT = iphoneos;
				SWIFT_ACTIVE_COMPILATION_CONDITIONS = DEBUG;
				SWIFT_OPTIMIZATION_LEVEL = "-Onone";
			};
			name = Debug;
		};
		2626721223B7D8C6004A6618 /* Release */ = {
			isa = XCBuildConfiguration;
			buildSettings = {
				ALWAYS_SEARCH_USER_PATHS = NO;
				CLANG_ANALYZER_NONNULL = YES;
				CLANG_ANALYZER_NUMBER_OBJECT_CONVERSION = YES_AGGRESSIVE;
				CLANG_CXX_LANGUAGE_STANDARD = "gnu++14";
				CLANG_CXX_LIBRARY = "libc++";
				CLANG_ENABLE_MODULES = YES;
				CLANG_ENABLE_OBJC_ARC = YES;
				CLANG_ENABLE_OBJC_WEAK = YES;
				CLANG_WARN_BLOCK_CAPTURE_AUTORELEASING = YES;
				CLANG_WARN_BOOL_CONVERSION = YES;
				CLANG_WARN_COMMA = YES;
				CLANG_WARN_CONSTANT_CONVERSION = YES;
				CLANG_WARN_DEPRECATED_OBJC_IMPLEMENTATIONS = YES;
				CLANG_WARN_DIRECT_OBJC_ISA_USAGE = YES_ERROR;
				CLANG_WARN_DOCUMENTATION_COMMENTS = YES;
				CLANG_WARN_EMPTY_BODY = YES;
				CLANG_WARN_ENUM_CONVERSION = YES;
				CLANG_WARN_INFINITE_RECURSION = YES;
				CLANG_WARN_INT_CONVERSION = YES;
				CLANG_WARN_NON_LITERAL_NULL_CONVERSION = YES;
				CLANG_WARN_OBJC_IMPLICIT_RETAIN_SELF = YES;
				CLANG_WARN_OBJC_LITERAL_CONVERSION = YES;
				CLANG_WARN_OBJC_ROOT_CLASS = YES_ERROR;
				CLANG_WARN_RANGE_LOOP_ANALYSIS = YES;
				CLANG_WARN_STRICT_PROTOTYPES = YES;
				CLANG_WARN_SUSPICIOUS_MOVE = YES;
				CLANG_WARN_UNGUARDED_AVAILABILITY = YES_AGGRESSIVE;
				CLANG_WARN_UNREACHABLE_CODE = YES;
				CLANG_WARN__DUPLICATE_METHOD_MATCH = YES;
				COPY_PHASE_STRIP = NO;
				DEBUG_INFORMATION_FORMAT = "dwarf-with-dsym";
				ENABLE_NS_ASSERTIONS = NO;
				ENABLE_STRICT_OBJC_MSGSEND = YES;
				GCC_C_LANGUAGE_STANDARD = gnu11;
				GCC_NO_COMMON_BLOCKS = YES;
				GCC_WARN_64_TO_32_BIT_CONVERSION = YES;
				GCC_WARN_ABOUT_RETURN_TYPE = YES_ERROR;
				GCC_WARN_UNDECLARED_SELECTOR = YES;
				GCC_WARN_UNINITIALIZED_AUTOS = YES_AGGRESSIVE;
				GCC_WARN_UNUSED_FUNCTION = YES;
				GCC_WARN_UNUSED_VARIABLE = YES;
				IPHONEOS_DEPLOYMENT_TARGET = 13.2;
				MTL_ENABLE_DEBUG_INFO = NO;
				MTL_FAST_MATH = YES;
				SDKROOT = iphoneos;
				SWIFT_COMPILATION_MODE = wholemodule;
				SWIFT_OPTIMIZATION_LEVEL = "-O";
				VALIDATE_PRODUCT = YES;
			};
			name = Release;
		};
		2626721423B7D8C6004A6618 /* Debug */ = {
			isa = XCBuildConfiguration;
			buildSettings = {
				ASSETCATALOG_COMPILER_APPICON_NAME = AppIcon;
				CODE_SIGN_STYLE = Automatic;
				DEVELOPMENT_TEAM = 6B4M252GN4;
				INFOPLIST_FILE = FDABluetoothManagerExample/Info.plist;
				LD_RUNPATH_SEARCH_PATHS = (
					"$(inherited)",
					"@executable_path/Frameworks",
				);
				PRODUCT_BUNDLE_IDENTIFIER = com.fresneda.FDABluetoothManagerExample;
				PRODUCT_NAME = "$(TARGET_NAME)";
				SWIFT_VERSION = 5.0;
				TARGETED_DEVICE_FAMILY = "1,2";
			};
			name = Debug;
		};
		2626721523B7D8C6004A6618 /* Release */ = {
			isa = XCBuildConfiguration;
			buildSettings = {
				ASSETCATALOG_COMPILER_APPICON_NAME = AppIcon;
				CODE_SIGN_STYLE = Automatic;
				DEVELOPMENT_TEAM = 6B4M252GN4;
				INFOPLIST_FILE = FDABluetoothManagerExample/Info.plist;
				LD_RUNPATH_SEARCH_PATHS = (
					"$(inherited)",
					"@executable_path/Frameworks",
				);
				PRODUCT_BUNDLE_IDENTIFIER = com.fresneda.FDABluetoothManagerExample;
				PRODUCT_NAME = "$(TARGET_NAME)";
				SWIFT_VERSION = 5.0;
				TARGETED_DEVICE_FAMILY = "1,2";
			};
			name = Release;
		};
/* End XCBuildConfiguration section */

/* Begin XCConfigurationList section */
		262671FA23B7D8C2004A6618 /* Build configuration list for PBXProject "FDABluetoothManagerExample" */ = {
			isa = XCConfigurationList;
			buildConfigurations = (
				2626721123B7D8C6004A6618 /* Debug */,
				2626721223B7D8C6004A6618 /* Release */,
			);
			defaultConfigurationIsVisible = 0;
			defaultConfigurationName = Release;
		};
		2626721323B7D8C6004A6618 /* Build configuration list for PBXNativeTarget "FDABluetoothManagerExample" */ = {
			isa = XCConfigurationList;
			buildConfigurations = (
				2626721423B7D8C6004A6618 /* Debug */,
				2626721523B7D8C6004A6618 /* Release */,
			);
			defaultConfigurationIsVisible = 0;
			defaultConfigurationName = Release;
		};
/* End XCConfigurationList section */
	};
	rootObject = 262671F723B7D8C2004A6618 /* Project object */;
}
